{
  "originHash" : "ea514fdd29289d26729b8e5f8993d445ad4efb70d46139e5075cf1b01d443477",
  "pins" : [
    {
      "identity" : "get",
      "kind" : "remoteSourceControl",
      "location" : "https://github.com/kean/Get.git",
      "state" : {
        "revision" : "31249885da1052872e0ac91a2943f62567c0d96d",
        "version" : "2.2.1"
      }
    },
    {
      "identity" : "inject",
      "kind" : "remoteSourceControl",
      "location" : "https://github.com/krzysztofzablocki/Inject.git",
      "state" : {
        "revision" : "728c56639ecb3df441d51d5bc6747329afabcfc9",
        "version" : "1.5.2"
      }
    },
    {
      "identity" : "nuke",
      "kind" : "remoteSourceControl",
      "location" : "https://github.com/kean/Nuke.git",
      "state" : {
        "revision" : "0ead44350d2737db384908569c012fe67c421e4d",
        "version" : "12.8.0"
      }
    },
    {
      "identity" : "pulse",
      "kind" : "remoteSourceControl",
      "location" : "https://github.com/kean/Pulse.git",
      "state" : {
        "revision" : "6125ce7fb51b114ba71b761d18cfd5557923bd4d",
        "version" : "5.1.4"
      }
    }
  ],
  "version" : 3
}
